
Microsoft Visual Studio Solution File, Format Version 12.00
# Visual Studio Version 16
VisualStudioVersion = 25.0.1704.1
MinimumVisualStudioVersion = 10.0.40219.1
Project("{FAE04EC0-301F-11D3-BF4B-00C04F79EFBC}") = "API", "API\API.csproj", "{24476547-0742-4A30-909C-615081530D05}"
EndProject
Project("{FAE04EC0-301F-11D3-BF4B-00C04F79EFBC}") = "Domain", "Domain\Domain.csproj", "{3D4EA880-344B-4875-A4B3-14268E627698}"
EndProject
Project("{FAE04EC0-301F-11D3-BF4B-00C04F79EFBC}") = "Infrastructure", "Infrastructure\Infrastructure.csproj", "{14A77074-4126-4627-A562-DF35DF87ECCC}"
EndProject
Global
	GlobalSection(SolutionConfigurationPlatforms) = preSolution
		Debug|Any CPU = Debug|Any CPU
		Release|Any CPU = Release|Any CPU
	EndGlobalSection
	GlobalSection(ProjectConfigurationPlatforms) = postSolution
		{24476547-0742-4A30-909C-615081530D05}.Debug|Any CPU.ActiveCfg = Debug|Any CPU
		{24476547-0742-4A30-909C-615081530D05}.Debug|Any CPU.Build.0 = Debug|Any CPU
		{24476547-0742-4A30-909C-615081530D05}.Release|Any CPU.ActiveCfg = Release|Any CPU
		{24476547-0742-4A30-909C-615081530D05}.Release|Any CPU.Build.0 = Release|Any CPU
		{3D4EA880-344B-4875-A4B3-14268E627698}.Debug|Any CPU.ActiveCfg = Debug|Any CPU
		{3D4EA880-344B-4875-A4B3-14268E627698}.Debug|Any CPU.Build.0 = Debug|Any CPU
		{3D4EA880-344B-4875-A4B3-14268E627698}.Release|Any CPU.ActiveCfg = Release|Any CPU
		{3D4EA880-344B-4875-A4B3-14268E627698}.Release|Any CPU.Build.0 = Release|Any CPU
		{14A77074-4126-4627-A562-DF35DF87ECCC}.Debug|Any CPU.ActiveCfg = Debug|Any CPU
		{14A77074-4126-4627-A562-DF35DF87ECCC}.Debug|Any CPU.Build.0 = Debug|Any CPU
		{14A77074-4126-4627-A562-DF35DF87ECCC}.Release|Any CPU.ActiveCfg = Release|Any CPU
		{14A77074-4126-4627-A562-DF35DF87ECCC}.Release|Any CPU.Build.0 = Release|Any CPU
	EndGlobalSection
	GlobalSection(SolutionProperties) = preSolution
		HideSolutionNode = FALSE
	EndGlobalSection
	GlobalSection(ExtensibilityGlobals) = postSolution
		SolutionGuid = {D36D23D7-23D0-49B7-B322-890B2EF386AA}
	EndGlobalSection
EndGlobal
